PODS:
  - cdebug (0.1.1)
  - Crashlytics (3.13.2):
    - Fabric (~> 1.10.2)
  - Fabric (1.10.2)
  - FoundationExtension (1.1.0):
    - cdebug (~> 0.1)
    - FoundationExtension/AddressBookExtension (= 1.1.0)
    - FoundationExtension/CocoaExtension (= 1.1.0)
    - FoundationExtension/FoundationExtension (= 1.1.0)
    - FoundationExtension/UIKitExtension (= 1.1.0)
  - FoundationExtension/CocoaExtension (1.1.0):
    - cdebug (~> 0.1)
    - FoundationExtension/FoundationExtension
  - FoundationExtension/FoundationExtension (1.1.0):
    - cdebug (~> 0.1)
  - FoundationExtension/UIKitExtension (1.1.0):
    - cdebug (~> 0.1)
    - FoundationExtension/FoundationExtension
  - libintl-alternative (0.1.2)

DEPENDENCIES:
  - Crashlytics
  - Fabric
  - FoundationExtension
  - FoundationExtension/UIKitExtension
  - libintl-alternative

SPEC REPOS:
  https://github.com/cocoapods/specs.git:
    - cdebug
    - Crashlytics
    - Fabric
    - FoundationExtension
    - libintl-alternative

SPEC CHECKSUMS:
  cdebug: 32bf88e54d22ad187b23122872b3977e5d0c1bde
  Crashlytics: 611738c7847f8291a1a51084e35987b86ba6b3ee
  Fabric: 706c8b8098fff96c33c0db69cbf81f9c551d0d74
  FoundationExtension: 3302784f5ca1d5b23037b3fe1e2d2022b0aad028
  libintl-alternative: 70509053e902d865e05c4aae3ab52ef289a822c3

PODFILE CHECKSUM: 9f95098520a30d7f977ea0767efab61180f3a438

COCOAPODS: 1.7.3
